{
  "name": "mobx-wxapp",
  "version": "1.4.0",
  "lockfileVersion": 1,
  "requires": true,
  "dependencies": {
    "mobx": {
      "version": "5.1.1",
      "resolved": "https://registry.npmjs.org/mobx/-/mobx-5.1.1.tgz",
      "integrity": "sha512-kxhJ/aAWAcxCRnKBqVuuy7DUxEb3/BtXI7ZvC2v0dA7MWh5+v08C3jGibV40mydjMwHBJQkKpp5qm4xe+qJWRw=="
    }
  }
}
